<?xml version="1.0" encoding="utf-8"?>
<Project ToolsVersion="4.0" xmlns="http://schemas.microsoft.com/developer/msbuild/2003">
  <ItemGroup>
    <Filter Include="HLSDK">
      <UniqueIdentifier>{3af689ee-a8be-49bd-bda8-821094461dfe}</UniqueIdentifier>
    </Filter>
    <Filter Include="HLSDK\common">
      <UniqueIdentifier>{6d8ff38b-dc50-4222-8fb3-1decbf766d2b}</UniqueIdentifier>
    </Filter>
    <Filter Include="HLSDK\dlls">
      <UniqueIdentifier>{c5276996-b625-4f9f-bce1-9c3d671a74da}</UniqueIdentifier>
    </Filter>
    <Filter Include="HLSDK\pm_shared">
      <UniqueIdentifier>{601ef5f2-7108-4ac8-b63b-6e3ca28d1c30}</UniqueIdentifier>
    </Filter>
    <Filter Include="HLSDK\cl_dll">
      <UniqueIdentifier>{a9692895-27b0-4822-bf32-8bda50845f25}</UniqueIdentifier>
    </Filter>
    <Filter Include="HLSDK\engine">
      <UniqueIdentifier>{a3864a6f-47ff-4531-b5c0-567c00399744}</UniqueIdentifier>
    </Filter>
    <Filter Include="MetaMod">
      <UniqueIdentifier>{8561f913-244d-4aa0-9465-290ebd566760}</UniqueIdentifier>
    </Filter>
    <Filter Include="Source">
      <UniqueIdentifier>{d8584580-3ded-4147-b290-281f9ffb31c9}</UniqueIdentifier>
    </Filter>
  </ItemGroup>
  <ItemGroup>
    <ClCompile Include="..\metamod-p\hlsdk\common\beamdef.ixx">
      <Filter>HLSDK\common</Filter>
    </ClCompile>
    <ClCompile Include="..\metamod-p\hlsdk\common\cl_entity.ixx">
      <Filter>HLSDK\common</Filter>
    </ClCompile>
    <ClCompile Include="..\metamod-p\hlsdk\common\com_model.ixx">
      <Filter>HLSDK\common</Filter>
    </ClCompile>
    <ClCompile Include="..\metamod-p\hlsdk\common\const_.ixx">
      <Filter>HLSDK\common</Filter>
    </ClCompile>
    <ClCompile Include="..\metamod-p\hlsdk\common\con_nprint.ixx">
      <Filter>HLSDK\common</Filter>
    </ClCompile>
    <ClCompile Include="..\metamod-p\hlsdk\common\crc.ixx">
      <Filter>HLSDK\common</Filter>
    </ClCompile>
    <ClCompile Include="..\metamod-p\hlsdk\common\cvardef.ixx">
      <Filter>HLSDK\common</Filter>
    </ClCompile>
    <ClCompile Include="..\metamod-p\hlsdk\common\demo_api.ixx">
      <Filter>HLSDK\common</Filter>
    </ClCompile>
    <ClCompile Include="..\metamod-p\hlsdk\common\director_cmds.ixx">
      <Filter>HLSDK\common</Filter>
    </ClCompile>
    <ClCompile Include="..\metamod-p\hlsdk\common\dlight.ixx">
      <Filter>HLSDK\common</Filter>
    </ClCompile>
    <ClCompile Include="..\metamod-p\hlsdk\common\dll_state.ixx">
      <Filter>HLSDK\common</Filter>
    </ClCompile>
    <ClCompile Include="..\metamod-p\hlsdk\common\engine_launcher_api.ixx">
      <Filter>HLSDK\common</Filter>
    </ClCompile>
    <ClCompile Include="..\metamod-p\hlsdk\common\entity_state.ixx">
      <Filter>HLSDK\common</Filter>
    </ClCompile>
    <ClCompile Include="..\metamod-p\hlsdk\common\entity_types.ixx">
      <Filter>HLSDK\common</Filter>
    </ClCompile>
    <ClCompile Include="..\metamod-p\hlsdk\common\event_api.ixx">
      <Filter>HLSDK\common</Filter>
    </ClCompile>
    <ClCompile Include="..\metamod-p\hlsdk\common\event_args.ixx">
      <Filter>HLSDK\common</Filter>
    </ClCompile>
    <ClCompile Include="..\metamod-p\hlsdk\common\event_flags.ixx">
      <Filter>HLSDK\common</Filter>
    </ClCompile>
    <ClCompile Include="..\metamod-p\hlsdk\common\exefuncs.ixx">
      <Filter>HLSDK\common</Filter>
    </ClCompile>
    <ClCompile Include="..\metamod-p\hlsdk\common\hltv.ixx">
      <Filter>HLSDK\common</Filter>
    </ClCompile>
    <ClCompile Include="..\metamod-p\hlsdk\common\in_buttons.ixx">
      <Filter>HLSDK\common</Filter>
    </ClCompile>
    <ClCompile Include="..\metamod-p\hlsdk\common\ivoicetweak.ixx">
      <Filter>HLSDK\common</Filter>
    </ClCompile>
    <ClCompile Include="..\metamod-p\hlsdk\common\mathlib.ixx">
      <Filter>HLSDK\common</Filter>
    </ClCompile>
    <ClCompile Include="..\metamod-p\hlsdk\common\netadr.ixx">
      <Filter>HLSDK\common</Filter>
    </ClCompile>
    <ClCompile Include="..\metamod-p\hlsdk\common\net_api.ixx">
      <Filter>HLSDK\common</Filter>
    </ClCompile>
    <ClCompile Include="..\metamod-p\hlsdk\common\particledef.ixx">
      <Filter>HLSDK\common</Filter>
    </ClCompile>
    <ClCompile Include="..\metamod-p\hlsdk\common\pmtrace.ixx">
      <Filter>HLSDK\common</Filter>
    </ClCompile>
    <ClCompile Include="..\metamod-p\hlsdk\common\qfont.ixx">
      <Filter>HLSDK\common</Filter>
    </ClCompile>
    <ClCompile Include="..\metamod-p\hlsdk\common\ref_params.ixx">
      <Filter>HLSDK\common</Filter>
    </ClCompile>
    <ClCompile Include="..\metamod-p\hlsdk\common\r_efx.ixx">
      <Filter>HLSDK\common</Filter>
    </ClCompile>
    <ClCompile Include="..\metamod-p\hlsdk\common\r_studioint.ixx">
      <Filter>HLSDK\common</Filter>
    </ClCompile>
    <ClCompile Include="..\metamod-p\hlsdk\common\screenfade.ixx">
      <Filter>HLSDK\common</Filter>
    </ClCompile>
    <ClCompile Include="..\metamod-p\hlsdk\common\studio_event.ixx">
      <Filter>HLSDK\common</Filter>
    </ClCompile>
    <ClCompile Include="..\metamod-p\hlsdk\common\triangleapi.ixx">
      <Filter>HLSDK\common</Filter>
    </ClCompile>
    <ClCompile Include="..\metamod-p\hlsdk\common\usercmd.ixx">
      <Filter>HLSDK\common</Filter>
    </ClCompile>
    <ClCompile Include="..\metamod-p\hlsdk\common\weaponinfo.ixx">
      <Filter>HLSDK\common</Filter>
    </ClCompile>
    <ClCompile Include="..\metamod-p\hlsdk\dlls\activity.ixx">
      <Filter>HLSDK\dlls</Filter>
    </ClCompile>
    <ClCompile Include="..\metamod-p\hlsdk\dlls\cdll_dll.ixx">
      <Filter>HLSDK\dlls</Filter>
    </ClCompile>
    <ClCompile Include="..\metamod-p\hlsdk\dlls\extdll.ixx">
      <Filter>HLSDK\dlls</Filter>
    </ClCompile>
    <ClCompile Include="..\metamod-p\hlsdk\dlls\monsterevent.ixx">
      <Filter>HLSDK\dlls</Filter>
    </ClCompile>
    <ClCompile Include="..\metamod-p\hlsdk\dlls\util.ixx">
      <Filter>HLSDK\dlls</Filter>
    </ClCompile>
    <ClCompile Include="..\metamod-p\hlsdk\dlls\vector.ixx">
      <Filter>HLSDK\dlls</Filter>
    </ClCompile>
    <ClCompile Include="..\metamod-p\hlsdk\pm_shared\pm_defs.ixx">
      <Filter>HLSDK\pm_shared</Filter>
    </ClCompile>
    <ClCompile Include="..\metamod-p\hlsdk\pm_shared\pm_info.ixx">
      <Filter>HLSDK\pm_shared</Filter>
    </ClCompile>
    <ClCompile Include="..\metamod-p\hlsdk\pm_shared\pm_materials.ixx">
      <Filter>HLSDK\pm_shared</Filter>
    </ClCompile>
    <ClCompile Include="..\metamod-p\hlsdk\pm_shared\pm_movevars.ixx">
      <Filter>HLSDK\pm_shared</Filter>
    </ClCompile>
    <ClCompile Include="..\metamod-p\hlsdk\pm_shared\pm_shared.ixx">
      <Filter>HLSDK\pm_shared</Filter>
    </ClCompile>
    <ClCompile Include="..\metamod-p\hlsdk\cl_dll\hud_iface.ixx">
      <Filter>HLSDK\cl_dll</Filter>
    </ClCompile>
    <ClCompile Include="..\metamod-p\hlsdk\cl_dll\wrect.ixx">
      <Filter>HLSDK\cl_dll</Filter>
    </ClCompile>
    <ClCompile Include="..\metamod-p\hlsdk\engine\archtypes.ixx">
      <Filter>HLSDK\engine</Filter>
    </ClCompile>
    <ClCompile Include="..\metamod-p\hlsdk\engine\cdll_int.ixx">
      <Filter>HLSDK\engine</Filter>
    </ClCompile>
    <ClCompile Include="..\metamod-p\hlsdk\engine\custom.ixx">
      <Filter>HLSDK\engine</Filter>
    </ClCompile>
    <ClCompile Include="..\metamod-p\hlsdk\engine\customentity.ixx">
      <Filter>HLSDK\engine</Filter>
    </ClCompile>
    <ClCompile Include="..\metamod-p\hlsdk\engine\edict.ixx">
      <Filter>HLSDK\engine</Filter>
    </ClCompile>
    <ClCompile Include="..\metamod-p\hlsdk\engine\eiface.ixx">
      <Filter>HLSDK\engine</Filter>
    </ClCompile>
    <ClCompile Include="..\metamod-p\hlsdk\engine\keydefs.ixx">
      <Filter>HLSDK\engine</Filter>
    </ClCompile>
    <ClCompile Include="..\metamod-p\hlsdk\engine\progdefs.ixx">
      <Filter>HLSDK\engine</Filter>
    </ClCompile>
    <ClCompile Include="..\metamod-p\hlsdk\engine\progs.ixx">
      <Filter>HLSDK\engine</Filter>
    </ClCompile>
    <ClCompile Include="..\metamod-p\hlsdk\engine\Sequence.ixx">
      <Filter>HLSDK\engine</Filter>
    </ClCompile>
    <ClCompile Include="..\metamod-p\hlsdk\engine\shake.ixx">
      <Filter>HLSDK\engine</Filter>
    </ClCompile>
    <ClCompile Include="..\metamod-p\hlsdk\engine\sizebuf.ixx">
      <Filter>HLSDK\engine</Filter>
    </ClCompile>
    <ClCompile Include="..\metamod-p\hlsdk\engine\studio.ixx">
      <Filter>HLSDK\engine</Filter>
    </ClCompile>
    <ClCompile Include="..\metamod-p\metamod\dllapi.ixx">
      <Filter>MetaMod</Filter>
    </ClCompile>
    <ClCompile Include="..\metamod-p\metamod\engine_api.ixx">
      <Filter>MetaMod</Filter>
    </ClCompile>
    <ClCompile Include="..\metamod-p\metamod\meta_api.ixx">
      <Filter>MetaMod</Filter>
    </ClCompile>
    <ClCompile Include="..\metamod-p\metamod\mutil.ixx">
      <Filter>MetaMod</Filter>
    </ClCompile>
    <ClCompile Include="..\metamod-p\metamod\plinfo.ixx">
      <Filter>MetaMod</Filter>
    </ClCompile>
    <ClCompile Include="Plugin.cpp">
      <Filter>Source</Filter>
    </ClCompile>
    <ClCompile Include="Hook.cpp">
      <Filter>Source</Filter>
    </ClCompile>
  </ItemGroup>
  <ItemGroup>
    <None Include="export.def">
      <Filter>Source</Filter>
    </None>
  </ItemGroup>
</Project>